{
  "name": "component-react-reacteditorjs",
  "version": "0.1.0",
  "lockfileVersion": 2,
  "requires": true,
  "packages": {
    "": {
      "version": "0.1.0",
      "dependencies": {
        "@editorjs/checklist": "latest",
        "@editorjs/code": "latest",
        "@editorjs/delimiter": "latest",
        "@editorjs/editorjs": "latest",
        "@editorjs/embed": "latest",
        "@editorjs/header": "latest",
        "@editorjs/image": "latest",
        "@editorjs/inline-code": "latest",
        "@editorjs/link": "latest",
        "@editorjs/list": "latest",
        "@editorjs/marker": "latest",
        "@editorjs/paragraph": "latest",
        "@editorjs/quote": "latest",
        "@editorjs/raw": "latest",
        "@editorjs/simple-image": "latest",
        "@editorjs/table": "latest",
        "@editorjs/warning": "latest",
        "react": "latest",
        "react-dom": "latest",
        "react-editor-js": "latest"
      },
      "devDependencies": {
        "web-vitals": "^2.1.3"
      }
    },
    "node_modules/@babel/runtime": {
      "version": "7.16.7",
      "resolved": "https://registry.npmjs.org/@babel/runtime/-/runtime-7.16.7.tgz",
      "integrity": "sha512-9E9FJowqAsytyOY6LG+1KuueckRL+aQW+mKvXRXnuFGyRAyepJPmEo9vgMfXUA6O9u3IeEdv9MAkppFcaQwogQ==",
      "dependencies": {
        "regenerator-runtime": "^0.13.4"
      },
      "engines": {
        "node": ">=6.9.0"
      }
    },
    "node_modules/@editorjs/checklist": {
      "version": "1.3.0",
      "resolved": "https://registry.npmjs.org/@editorjs/checklist/-/checklist-1.3.0.tgz",
      "integrity": "sha512-087oW0oOIE5HX8llj4Eap/reFDFw8VCLlp6GU0E9GEp7f3zy2aV6KdFR+6dbYhZ50w7tSnkMpCAcSq1NXJeB4Q=="
    },
    "node_modules/@editorjs/code": {
      "version": "2.7.0",
      "resolved": "https://registry.npmjs.org/@editorjs/code/-/code-2.7.0.tgz",
      "integrity": "sha512-gXtTce915fHp3H9i4IqhTxEDbbkT2heFfYiW/bhFHsCmZDpyGzfZxi94kmrEqDmbxXjV49ZZ6GZbR26If13KJw=="
    },
    "node_modules/@editorjs/delimiter": {
      "version": "1.2.0",
      "resolved": "https://registry.npmjs.org/@editorjs/delimiter/-/delimiter-1.2.0.tgz",
      "integrity": "sha512-GKsCFPk85vH5FuCuVQ48NTLc9hk0T3DsBH9zABaicTYIJayFcUa8N4/Y+L3i4tduzDqqyvoxkv+5n43GmC5gEA=="
    },
    "node_modules/@editorjs/editorjs": {
      "version": "2.22.2",
      "resolved": "https://registry.npmjs.org/@editorjs/editorjs/-/editorjs-2.22.2.tgz",
      "integrity": "sha512-rPCv7Z5LZebreQaaL4DZuWzoVGEqwB+P7BF1dsefGQNBmLyeLF412topeW2b6e+g4l1oQ7t75kCOACNTEyYYIA==",
      "dependencies": {
        "codex-notifier": "^1.1.2",
        "codex-tooltip": "^1.0.2",
        "nanoid": "^3.1.22"
      }
    },
    "node_modules/@editorjs/embed": {
      "version": "2.5.0",
      "resolved": "https://registry.npmjs.org/@editorjs/embed/-/embed-2.5.0.tgz",
      "integrity": "sha512-kKMblRKWzTYP0mX/sO2/Ysn5wd76eP47DAdQc15qCveocRBCO+pSlY57p6mTd1x79yP+yFo7mv4iaZZFa4idkw=="
    },
    "node_modules/@editorjs/header": {
      "version": "2.6.2",
      "resolved": "https://registry.npmjs.org/@editorjs/header/-/header-2.6.2.tgz",
      "integrity": "sha512-U1dnT+KGjwFmpWneEEyR2Nqp42hn9iKwQDgRHWQM+y6qx82pg+eAyuIf0QWt2Mluu9uPD2CzNfvJ+pxIuwX8Lw=="
    },
    "node_modules/@editorjs/image": {
      "version": "2.6.2",
      "resolved": "https://registry.npmjs.org/@editorjs/image/-/image-2.6.2.tgz",
      "integrity": "sha512-lai6LFJ8m3qRmSjio66o0CX7/75OupC3FQ5JWrV/biRT6GvUHtRNWKaMowKcC2ndXtfs4w6WwRxcXlB4WhUAdg=="
    },
    "node_modules/@editorjs/inline-code": {
      "version": "1.3.1",
      "resolved": "https://registry.npmjs.org/@editorjs/inline-code/-/inline-code-1.3.1.tgz",
      "integrity": "sha512-iY6DeRmJo2Jl6sB2S9QEA9OoSp+KCHBztoY2fjPeiBcKCOKX8we5H3JQJTLxT0L/N8uJqCUiiPKgG6xvqaCn+g=="
    },
    "node_modules/@editorjs/link": {
      "version": "2.4.0",
      "resolved": "https://registry.npmjs.org/@editorjs/link/-/link-2.4.0.tgz",
      "integrity": "sha512-Dk5n4HkiXtZvhDIEBu7uiXhkPl2lhmMFW8FaUnOiERZHJzIZGQf/qe6GdFN6Bo51j/wVADVyq6m8ZylKwIiCVA==",
      "dependencies": {
        "@babel/runtime": "^7.10.2"
      }
    },
    "node_modules/@editorjs/list": {
      "version": "1.6.2",
      "resolved": "https://registry.npmjs.org/@editorjs/list/-/list-1.6.2.tgz",
      "integrity": "sha512-OxowV0yuE11G01czYM1dEQlz1F37ehX0ak5vAbZ9ncSXrPh0fDRw/fBxTY654FlmrsQ40UFom3owSG++tLvVGw=="
    },
    "node_modules/@editorjs/marker": {
      "version": "1.2.2",
      "resolved": "https://registry.npmjs.org/@editorjs/marker/-/marker-1.2.2.tgz",
      "integrity": "sha512-BN/IHbVKKahGnMAiBOV5U7XUjfF6JkIkTZ6qNLxtTr7PUPM8UsJV8G8pyll9CX+XRUYYZyokA2kEBHTS4vUyyw=="
    },
    "node_modules/@editorjs/paragraph": {
      "version": "2.8.0",
      "resolved": "https://registry.npmjs.org/@editorjs/paragraph/-/paragraph-2.8.0.tgz",
      "integrity": "sha512-z6w5ZR0ru3p/IjxJW/tb7OcSnVttkZukQMIsnBMX1FIKc1BNdr7NwM1YoCyTl4OnC90YfL0xgES6/20/W267pw=="
    },
    "node_modules/@editorjs/quote": {
      "version": "2.4.0",
      "resolved": "https://registry.npmjs.org/@editorjs/quote/-/quote-2.4.0.tgz",
      "integrity": "sha512-IWOBWjL2ngPP63GcIAltyD9kc7OVZFma4kS+T5JRHvKKDspYsnmrxsbRmCPc+coZQzqPxXHkiOZuNMdmGX/Y3w=="
    },
    "node_modules/@editorjs/raw": {
      "version": "2.3.0",
      "resolved": "https://registry.npmjs.org/@editorjs/raw/-/raw-2.3.0.tgz",
      "integrity": "sha512-wC+3pTQVB2hvDcF4mcMgOr7DhO432lGYqOam/CwfyyfG5BDqaPrwgZTiVyteZ25D5ZQD677IVYZ48oX33+2HgQ=="
    },
    "node_modules/@editorjs/simple-image": {
      "version": "1.4.1",
      "resolved": "https://registry.npmjs.org/@editorjs/simple-image/-/simple-image-1.4.1.tgz",
      "integrity": "sha512-8lqcMYKrxhnDNasqq4Id9/SwXymSofVb4SJBC7gQoJmNG9bfRgVEXLsEUnuLzn8ixkAYlK2oNTc7ioZdD8bEOw=="
    },
    "node_modules/@editorjs/table": {
      "version": "2.0.1",
      "resolved": "https://registry.npmjs.org/@editorjs/table/-/table-2.0.1.tgz",
      "integrity": "sha512-PB8VM+GPRwGy7IlF+WrEQw2A2c36xEXBnYIvf2VGNJo8A7PjYHtuWrlyHHCnGpY4lHXYnavZ/U8pKAfXv86XjA=="
    },
    "node_modules/@editorjs/warning": {
      "version": "1.2.0",
      "resolved": "https://registry.npmjs.org/@editorjs/warning/-/warning-1.2.0.tgz",
      "integrity": "sha512-CMIsB+b8Ti8/duOzYfKn1upFEEMxj821RDyBbDx8iku4DRql524VnAErvd00sYnFpKKbXNOF4oQnBo/7bDIzPQ=="
    },
    "node_modules/@react-editor-js/client": {
      "version": "2.0.6",
      "resolved": "https://registry.npmjs.org/@react-editor-js/client/-/client-2.0.6.tgz",
      "integrity": "sha512-LMMJLAXAwk1kVMy7fxTRFK6OdouvoseqJbmVUygJb2EcfuT84nC9OAtvGEL4vsVLUcnzEV400+F9t5OKa77FGQ==",
      "dependencies": {
        "@react-editor-js/core": "2.0.6"
      }
    },
    "node_modules/@react-editor-js/core": {
      "version": "2.0.6",
      "resolved": "https://registry.npmjs.org/@react-editor-js/core/-/core-2.0.6.tgz",
      "integrity": "sha512-mvHM2I+gT3AnvFpFhTZI0EFLKD9pRpgXDf286uwv6n6tngwLfnCCmtCbgiGI9ICph2GJvRZfaQubE+MHQ6YV8g=="
    },
    "node_modules/@react-editor-js/server": {
      "version": "2.0.6",
      "resolved": "https://registry.npmjs.org/@react-editor-js/server/-/server-2.0.6.tgz",
      "integrity": "sha512-soW/bV5auciYr8gEYISWK4fuIblAcc4bcwPuCKnDBj9W9r/nAxMmNgCG+z9rs9Gnroa0Ko3Hzwzs9d5MdOShzg==",
      "dependencies": {
        "@react-editor-js/core": "2.0.6"
      }
    },
    "node_modules/codex-notifier": {
      "version": "1.1.2",
      "resolved": "https://registry.npmjs.org/codex-notifier/-/codex-notifier-1.1.2.tgz",
      "integrity": "sha512-DCp6xe/LGueJ1N5sXEwcBc3r3PyVkEEDNWCVigfvywAkeXcZMk9K41a31tkEFBW0Ptlwji6/JlAb49E3Yrxbtg=="
    },
    "node_modules/codex-tooltip": {
      "version": "1.0.4",
      "resolved": "https://registry.npmjs.org/codex-tooltip/-/codex-tooltip-1.0.4.tgz",
      "integrity": "sha512-Ud+N+y8PMIa9xGyKuo2j3q8QlfTzkMWQ5KeRrbCDerwVn7xq45nqPKQCFBXEMV0YI42/OqSMnsxP8MyVAyVhnA=="
    },
    "node_modules/js-tokens": {
      "version": "4.0.0",
      "resolved": "https://registry.npmjs.org/js-tokens/-/js-tokens-4.0.0.tgz",
      "integrity": "sha512-RdJUflcE3cUzKiMqQgsCu06FPu9UdIJO0beYbPhHN4k6apgJtifcoCtT9bcxOpYBtpD2kCM6Sbzg4CausW/PKQ=="
    },
    "node_modules/loose-envify": {
      "version": "1.4.0",
      "resolved": "https://registry.npmjs.org/loose-envify/-/loose-envify-1.4.0.tgz",
      "integrity": "sha512-lyuxPGr/Wfhrlem2CL/UcnUc1zcqKAImBDzukY7Y5F/yQiNdko6+fRLevlw1HgMySw7f611UIY408EtxRSoK3Q==",
      "dependencies": {
        "js-tokens": "^3.0.0 || ^4.0.0"
      },
      "bin": {
        "loose-envify": "cli.js"
      }
    },
    "node_modules/nanoid": {
      "version": "3.2.0",
      "resolved": "https://registry.npmjs.org/nanoid/-/nanoid-3.2.0.tgz",
      "integrity": "sha512-fmsZYa9lpn69Ad5eDn7FMcnnSR+8R34W9qJEijxYhTbfOWzr22n1QxCMzXLK+ODyW2973V3Fux959iQoUxzUIA==",
      "bin": {
        "nanoid": "bin/nanoid.cjs"
      },
      "engines": {
        "node": "^10 || ^12 || ^13.7 || ^14 || >=15.0.1"
      }
    },
    "node_modules/object-assign": {
      "version": "4.1.1",
      "resolved": "https://registry.npmjs.org/object-assign/-/object-assign-4.1.1.tgz",
      "integrity": "sha1-IQmtx5ZYh8/AXLvUQsrIv7s2CGM=",
      "engines": {
        "node": ">=0.10.0"
      }
    },
    "node_modules/react": {
      "version": "17.0.2",
      "resolved": "https://registry.npmjs.org/react/-/react-17.0.2.tgz",
      "integrity": "sha512-gnhPt75i/dq/z3/6q/0asP78D0u592D5L1pd7M8P+dck6Fu/jJeL6iVVK23fptSUZj8Vjf++7wXA8UNclGQcbA==",
      "dependencies": {
        "loose-envify": "^1.1.0",
        "object-assign": "^4.1.1"
      },
      "engines": {
        "node": ">=0.10.0"
      }
    },
    "node_modules/react-dom": {
      "version": "17.0.2",
      "resolved": "https://registry.npmjs.org/react-dom/-/react-dom-17.0.2.tgz",
      "integrity": "sha512-s4h96KtLDUQlsENhMn1ar8t2bEa+q/YAtj8pPPdIjPDGBDIVNsrD9aXNWqspUe6AzKCIG0C1HZZLqLV7qpOBGA==",
      "dependencies": {
        "loose-envify": "^1.1.0",
        "object-assign": "^4.1.1",
        "scheduler": "^0.20.2"
      }
    },
    "node_modules/react-editor-js": {
      "version": "2.0.6",
      "resolved": "https://registry.npmjs.org/react-editor-js/-/react-editor-js-2.0.6.tgz",
      "integrity": "sha512-8u47IbhExiFB2kGNdJYlsX5iVlSzac38A3oJ7bmnTz3Lp7Slys1xreoYdG71+KiOcfX0dEgOIavV4e6TJeB5eg==",
      "dependencies": {
        "@react-editor-js/client": "2.0.6",
        "@react-editor-js/server": "2.0.6"
      }
    },
    "node_modules/regenerator-runtime": {
      "version": "0.13.9",
      "resolved": "https://registry.npmjs.org/regenerator-runtime/-/regenerator-runtime-0.13.9.tgz",
      "integrity": "sha512-p3VT+cOEgxFsRRA9X4lkI1E+k2/CtnKtU4gcxyaCUreilL/vqI6CdZ3wxVUx3UOUg+gnUOQQcRI7BmSI656MYA=="
    },
    "node_modules/scheduler": {
      "version": "0.20.2",
      "resolved": "https://registry.npmjs.org/scheduler/-/scheduler-0.20.2.tgz",
      "integrity": "sha512-2eWfGgAqqWFGqtdMmcL5zCMK1U8KlXv8SQFGglL3CEtd0aDVDWgeF/YoCmvln55m5zSk3J/20hTaSBeSObsQDQ==",
      "dependencies": {
        "loose-envify": "^1.1.0",
        "object-assign": "^4.1.1"
      }
    },
    "node_modules/web-vitals": {
      "version": "2.1.3",
      "resolved": "https://registry.npmjs.org/web-vitals/-/web-vitals-2.1.3.tgz",
      "integrity": "sha512-+ijpniAzcnQicXaXIN0/eHQAiV/jMt1oHGHTmz7VdAJPPkzzDhmoYPSpLgJTuFtUh+jCjxCoeTZPg7Ic+g8o7w==",
      "dev": true
    }
  },
  "dependencies": {
    "@babel/runtime": {
      "version": "7.16.7",
      "resolved": "https://registry.npmjs.org/@babel/runtime/-/runtime-7.16.7.tgz",
      "integrity": "sha512-9E9FJowqAsytyOY6LG+1KuueckRL+aQW+mKvXRXnuFGyRAyepJPmEo9vgMfXUA6O9u3IeEdv9MAkppFcaQwogQ==",
      "requires": {
        "regenerator-runtime": "^0.13.4"
      }
    },
    "@editorjs/checklist": {
      "version": "1.3.0",
      "resolved": "https://registry.npmjs.org/@editorjs/checklist/-/checklist-1.3.0.tgz",
      "integrity": "sha512-087oW0oOIE5HX8llj4Eap/reFDFw8VCLlp6GU0E9GEp7f3zy2aV6KdFR+6dbYhZ50w7tSnkMpCAcSq1NXJeB4Q=="
    },
    "@editorjs/code": {
      "version": "2.7.0",
      "resolved": "https://registry.npmjs.org/@editorjs/code/-/code-2.7.0.tgz",
      "integrity": "sha512-gXtTce915fHp3H9i4IqhTxEDbbkT2heFfYiW/bhFHsCmZDpyGzfZxi94kmrEqDmbxXjV49ZZ6GZbR26If13KJw=="
    },
    "@editorjs/delimiter": {
      "version": "1.2.0",
      "resolved": "https://registry.npmjs.org/@editorjs/delimiter/-/delimiter-1.2.0.tgz",
      "integrity": "sha512-GKsCFPk85vH5FuCuVQ48NTLc9hk0T3DsBH9zABaicTYIJayFcUa8N4/Y+L3i4tduzDqqyvoxkv+5n43GmC5gEA=="
    },
    "@editorjs/editorjs": {
      "version": "2.22.2",
      "resolved": "https://registry.npmjs.org/@editorjs/editorjs/-/editorjs-2.22.2.tgz",
      "integrity": "sha512-rPCv7Z5LZebreQaaL4DZuWzoVGEqwB+P7BF1dsefGQNBmLyeLF412topeW2b6e+g4l1oQ7t75kCOACNTEyYYIA==",
      "requires": {
        "codex-notifier": "^1.1.2",
        "codex-tooltip": "^1.0.2",
        "nanoid": "^3.1.22"
      }
    },
    "@editorjs/embed": {
      "version": "2.5.0",
      "resolved": "https://registry.npmjs.org/@editorjs/embed/-/embed-2.5.0.tgz",
      "integrity": "sha512-kKMblRKWzTYP0mX/sO2/Ysn5wd76eP47DAdQc15qCveocRBCO+pSlY57p6mTd1x79yP+yFo7mv4iaZZFa4idkw=="
    },
    "@editorjs/header": {
      "version": "2.6.2",
      "resolved": "https://registry.npmjs.org/@editorjs/header/-/header-2.6.2.tgz",
      "integrity": "sha512-U1dnT+KGjwFmpWneEEyR2Nqp42hn9iKwQDgRHWQM+y6qx82pg+eAyuIf0QWt2Mluu9uPD2CzNfvJ+pxIuwX8Lw=="
    },
    "@editorjs/image": {
      "version": "2.6.2",
      "resolved": "https://registry.npmjs.org/@editorjs/image/-/image-2.6.2.tgz",
      "integrity": "sha512-lai6LFJ8m3qRmSjio66o0CX7/75OupC3FQ5JWrV/biRT6GvUHtRNWKaMowKcC2ndXtfs4w6WwRxcXlB4WhUAdg=="
    },
    "@editorjs/inline-code": {
      "version": "1.3.1",
      "resolved": "https://registry.npmjs.org/@editorjs/inline-code/-/inline-code-1.3.1.tgz",
      "integrity": "sha512-iY6DeRmJo2Jl6sB2S9QEA9OoSp+KCHBztoY2fjPeiBcKCOKX8we5H3JQJTLxT0L/N8uJqCUiiPKgG6xvqaCn+g=="
    },
    "@editorjs/link": {
      "version": "2.4.0",
      "resolved": "https://registry.npmjs.org/@editorjs/link/-/link-2.4.0.tgz",
      "integrity": "sha512-Dk5n4HkiXtZvhDIEBu7uiXhkPl2lhmMFW8FaUnOiERZHJzIZGQf/qe6GdFN6Bo51j/wVADVyq6m8ZylKwIiCVA==",
      "requires": {
        "@babel/runtime": "^7.10.2"
      }
    },
    "@editorjs/list": {
      "version": "1.6.2",
      "resolved": "https://registry.npmjs.org/@editorjs/list/-/list-1.6.2.tgz",
      "integrity": "sha512-OxowV0yuE11G01czYM1dEQlz1F37ehX0ak5vAbZ9ncSXrPh0fDRw/fBxTY654FlmrsQ40UFom3owSG++tLvVGw=="
    },
    "@editorjs/marker": {
      "version": "1.2.2",
      "resolved": "https://registry.npmjs.org/@editorjs/marker/-/marker-1.2.2.tgz",
      "integrity": "sha512-BN/IHbVKKahGnMAiBOV5U7XUjfF6JkIkTZ6qNLxtTr7PUPM8UsJV8G8pyll9CX+XRUYYZyokA2kEBHTS4vUyyw=="
    },
    "@editorjs/paragraph": {
      "version": "2.8.0",
      "resolved": "https://registry.npmjs.org/@editorjs/paragraph/-/paragraph-2.8.0.tgz",
      "integrity": "sha512-z6w5ZR0ru3p/IjxJW/tb7OcSnVttkZukQMIsnBMX1FIKc1BNdr7NwM1YoCyTl4OnC90YfL0xgES6/20/W267pw=="
    },
    "@editorjs/quote": {
      "version": "2.4.0",
      "resolved": "https://registry.npmjs.org/@editorjs/quote/-/quote-2.4.0.tgz",
      "integrity": "sha512-IWOBWjL2ngPP63GcIAltyD9kc7OVZFma4kS+T5JRHvKKDspYsnmrxsbRmCPc+coZQzqPxXHkiOZuNMdmGX/Y3w=="
    },
    "@editorjs/raw": {
      "version": "2.3.0",
      "resolved": "https://registry.npmjs.org/@editorjs/raw/-/raw-2.3.0.tgz",
      "integrity": "sha512-wC+3pTQVB2hvDcF4mcMgOr7DhO432lGYqOam/CwfyyfG5BDqaPrwgZTiVyteZ25D5ZQD677IVYZ48oX33+2HgQ=="
    },
    "@editorjs/simple-image": {
      "version": "1.4.1",
      "resolved": "https://registry.npmjs.org/@editorjs/simple-image/-/simple-image-1.4.1.tgz",
      "integrity": "sha512-8lqcMYKrxhnDNasqq4Id9/SwXymSofVb4SJBC7gQoJmNG9bfRgVEXLsEUnuLzn8ixkAYlK2oNTc7ioZdD8bEOw=="
    },
    "@editorjs/table": {
      "version": "2.0.1",
      "resolved": "https://registry.npmjs.org/@editorjs/table/-/table-2.0.1.tgz",
      "integrity": "sha512-PB8VM+GPRwGy7IlF+WrEQw2A2c36xEXBnYIvf2VGNJo8A7PjYHtuWrlyHHCnGpY4lHXYnavZ/U8pKAfXv86XjA=="
    },
    "@editorjs/warning": {
      "version": "1.2.0",
      "resolved": "https://registry.npmjs.org/@editorjs/warning/-/warning-1.2.0.tgz",
      "integrity": "sha512-CMIsB+b8Ti8/duOzYfKn1upFEEMxj821RDyBbDx8iku4DRql524VnAErvd00sYnFpKKbXNOF4oQnBo/7bDIzPQ=="
    },
    "@react-editor-js/client": {
      "version": "2.0.6",
      "resolved": "https://registry.npmjs.org/@react-editor-js/client/-/client-2.0.6.tgz",
      "integrity": "sha512-LMMJLAXAwk1kVMy7fxTRFK6OdouvoseqJbmVUygJb2EcfuT84nC9OAtvGEL4vsVLUcnzEV400+F9t5OKa77FGQ==",
      "requires": {
        "@react-editor-js/core": "2.0.6"
      }
    },
    "@react-editor-js/core": {
      "version": "2.0.6",
      "resolved": "https://registry.npmjs.org/@react-editor-js/core/-/core-2.0.6.tgz",
      "integrity": "sha512-mvHM2I+gT3AnvFpFhTZI0EFLKD9pRpgXDf286uwv6n6tngwLfnCCmtCbgiGI9ICph2GJvRZfaQubE+MHQ6YV8g=="
    },
    "@react-editor-js/server": {
      "version": "2.0.6",
      "resolved": "https://registry.npmjs.org/@react-editor-js/server/-/server-2.0.6.tgz",
      "integrity": "sha512-soW/bV5auciYr8gEYISWK4fuIblAcc4bcwPuCKnDBj9W9r/nAxMmNgCG+z9rs9Gnroa0Ko3Hzwzs9d5MdOShzg==",
      "requires": {
        "@react-editor-js/core": "2.0.6"
      }
    },
    "codex-notifier": {
      "version": "1.1.2",
      "resolved": "https://registry.npmjs.org/codex-notifier/-/codex-notifier-1.1.2.tgz",
      "integrity": "sha512-DCp6xe/LGueJ1N5sXEwcBc3r3PyVkEEDNWCVigfvywAkeXcZMk9K41a31tkEFBW0Ptlwji6/JlAb49E3Yrxbtg=="
    },
    "codex-tooltip": {
      "version": "1.0.4",
      "resolved": "https://registry.npmjs.org/codex-tooltip/-/codex-tooltip-1.0.4.tgz",
      "integrity": "sha512-Ud+N+y8PMIa9xGyKuo2j3q8QlfTzkMWQ5KeRrbCDerwVn7xq45nqPKQCFBXEMV0YI42/OqSMnsxP8MyVAyVhnA=="
    },
    "js-tokens": {
      "version": "4.0.0",
      "resolved": "https://registry.npmjs.org/js-tokens/-/js-tokens-4.0.0.tgz",
      "integrity": "sha512-RdJUflcE3cUzKiMqQgsCu06FPu9UdIJO0beYbPhHN4k6apgJtifcoCtT9bcxOpYBtpD2kCM6Sbzg4CausW/PKQ=="
    },
    "loose-envify": {
      "version": "1.4.0",
      "resolved": "https://registry.npmjs.org/loose-envify/-/loose-envify-1.4.0.tgz",
      "integrity": "sha512-lyuxPGr/Wfhrlem2CL/UcnUc1zcqKAImBDzukY7Y5F/yQiNdko6+fRLevlw1HgMySw7f611UIY408EtxRSoK3Q==",
      "requires": {
        "js-tokens": "^3.0.0 || ^4.0.0"
      }
    },
    "nanoid": {
      "version": "3.2.0",
      "resolved": "https://registry.npmjs.org/nanoid/-/nanoid-3.2.0.tgz",
      "integrity": "sha512-fmsZYa9lpn69Ad5eDn7FMcnnSR+8R34W9qJEijxYhTbfOWzr22n1QxCMzXLK+ODyW2973V3Fux959iQoUxzUIA=="
    },
    "object-assign": {
      "version": "4.1.1",
      "resolved": "https://registry.npmjs.org/object-assign/-/object-assign-4.1.1.tgz",
      "integrity": "sha1-IQmtx5ZYh8/AXLvUQsrIv7s2CGM="
    },
    "react": {
      "version": "17.0.2",
      "resolved": "https://registry.npmjs.org/react/-/react-17.0.2.tgz",
      "integrity": "sha512-gnhPt75i/dq/z3/6q/0asP78D0u592D5L1pd7M8P+dck6Fu/jJeL6iVVK23fptSUZj8Vjf++7wXA8UNclGQcbA==",
      "requires": {
        "loose-envify": "^1.1.0",
        "object-assign": "^4.1.1"
      }
    },
    "react-dom": {
      "version": "17.0.2",
      "resolved": "https://registry.npmjs.org/react-dom/-/react-dom-17.0.2.tgz",
      "integrity": "sha512-s4h96KtLDUQlsENhMn1ar8t2bEa+q/YAtj8pPPdIjPDGBDIVNsrD9aXNWqspUe6AzKCIG0C1HZZLqLV7qpOBGA==",
      "requires": {
        "loose-envify": "^1.1.0",
        "object-assign": "^4.1.1",
        "scheduler": "^0.20.2"
      }
    },
    "react-editor-js": {
      "version": "2.0.6",
      "resolved": "https://registry.npmjs.org/react-editor-js/-/react-editor-js-2.0.6.tgz",
      "integrity": "sha512-8u47IbhExiFB2kGNdJYlsX5iVlSzac38A3oJ7bmnTz3Lp7Slys1xreoYdG71+KiOcfX0dEgOIavV4e6TJeB5eg==",
      "requires": {
        "@react-editor-js/client": "2.0.6",
        "@react-editor-js/server": "2.0.6"
      }
    },
    "regenerator-runtime": {
      "version": "0.13.9",
      "resolved": "https://registry.npmjs.org/regenerator-runtime/-/regenerator-runtime-0.13.9.tgz",
      "integrity": "sha512-p3VT+cOEgxFsRRA9X4lkI1E+k2/CtnKtU4gcxyaCUreilL/vqI6CdZ3wxVUx3UOUg+gnUOQQcRI7BmSI656MYA=="
    },
    "scheduler": {
      "version": "0.20.2",
      "resolved": "https://registry.npmjs.org/scheduler/-/scheduler-0.20.2.tgz",
      "integrity": "sha512-2eWfGgAqqWFGqtdMmcL5zCMK1U8KlXv8SQFGglL3CEtd0aDVDWgeF/YoCmvln55m5zSk3J/20hTaSBeSObsQDQ==",
      "requires": {
        "loose-envify": "^1.1.0",
        "object-assign": "^4.1.1"
      }
    },
    "web-vitals": {
      "version": "2.1.3",
      "resolved": "https://registry.npmjs.org/web-vitals/-/web-vitals-2.1.3.tgz",
      "integrity": "sha512-+ijpniAzcnQicXaXIN0/eHQAiV/jMt1oHGHTmz7VdAJPPkzzDhmoYPSpLgJTuFtUh+jCjxCoeTZPg7Ic+g8o7w==",
      "dev": true
    }
  }
}
